// !$*UTF8*$!
{
	archiveVersion = 1;
	classes = {
	};
	objectVersion = 50;
	objects = {

/* Begin PBXBuildFile section */
		7CA44098216E5A46000680C3 /* 1.jpg in Resources */ = {isa = PBXBuildFile; fileRef = 7CA4408E216E5A45000680C3 /* 1.jpg */; };
		7CA44099216E5A46000680C3 /* 3.jpg in Resources */ = {isa = PBXBuildFile; fileRef = 7CA4408F216E5A45000680C3 /* 3.jpg */; };
		7CA4409A216E5A46000680C3 /* 4.jpg in Resources */ = {isa = PBXBuildFile; fileRef = 7CA44090216E5A45000680C3 /* 4.jpg */; };
		7CA4409B216E5A46000680C3 /* 2.jpg in Resources */ = {isa = PBXBuildFile; fileRef = 7CA44091216E5A45000680C3 /* 2.jpg */; };
		7CA4409C216E5A46000680C3 /* 8.jpg in Resources */ = {isa = PBXBuildFile; fileRef = 7CA44092216E5A45000680C3 /* 8.jpg */; };
		7CA4409D216E5A46000680C3 /* 9.jpg in Resources */ = {isa = PBXBuildFile; fileRef = 7CA44093216E5A46000680C3 /* 9.jpg */; };
		7CA4409E216E5A46000680C3 /* 10.jpg in Resources */ = {isa = PBXBuildFile; fileRef = 7CA44094216E5A46000680C3 /* 10.jpg */; };
		7CA4409F216E5A46000680C3 /* 5.jpg in Resources */ = {isa = PBXBuildFile; fileRef = 7CA44095216E5A46000680C3 /* 5.jpg */; };
		7CA440A0216E5A46000680C3 /* 6.jpg in Resources */ = {isa = PBXBuildFile; fileRef = 7CA44096216E5A46000680C3 /* 6.jpg */; };
		7CA440A1216E5A46000680C3 /* 7.jpg in Resources */ = {isa = PBXBuildFile; fileRef = 7CA44097216E5A46000680C3 /* 7.jpg */; };
		7CCD192F216E47EB00D5F8FC /* AppDelegate.swift in Sources */ = {isa = PBXBuildFile; fileRef = 7CCD192E216E47EB00D5F8FC /* AppDelegate.swift */; };
		7CCD1931216E47EB00D5F8FC /* ViewController.swift in Sources */ = {isa = PBXBuildFile; fileRef = 7CCD1930216E47EB00D5F8FC /* ViewController.swift */; };
		7CCD1934216E47EB00D5F8FC /* Main.storyboard in Resources */ = {isa = PBXBuildFile; fileRef = 7CCD1932216E47EB00D5F8FC /* Main.storyboard */; };
		7CCD1936216E47EC00D5F8FC /* Assets.xcassets in Resources */ = {isa = PBXBuildFile; fileRef = 7CCD1935216E47EC00D5F8FC /* Assets.xcassets */; };
		7CCD1939216E47EC00D5F8FC /* LaunchScreen.storyboard in Resources */ = {isa = PBXBuildFile; fileRef = 7CCD1937216E47EC00D5F8FC /* LaunchScreen.storyboard */; };
		7CCD1942216E48FB00D5F8FC /* lamp_on.png in Resources */ = {isa = PBXBuildFile; fileRef = 7CCD1940216E48FB00D5F8FC /* lamp_on.png */; };
		7CCD1943216E48FB00D5F8FC /* lamp_off.png in Resources */ = {isa = PBXBuildFile; fileRef = 7CCD1941216E48FB00D5F8FC /* lamp_off.png */; };
		7CCD1947216E499900D5F8FC /* ImageViewController.swift in Sources */ = {isa = PBXBuildFile; fileRef = 7CCD1946216E499900D5F8FC /* ImageViewController.swift */; };
		7CCD1949216E4A9D00D5F8FC /* DateViewController.swift in Sources */ = {isa = PBXBuildFile; fileRef = 7CCD1948216E4A9D00D5F8FC /* DateViewController.swift */; };
		7CCD194B216E4D7E00D5F8FC /* File.png in Resources */ = {isa = PBXBuildFile; fileRef = 7CCD194A216E4D7E00D5F8FC /* File.png */; };
		7CCD194D216E4F9600D5F8FC /* PickerViewController.swift in Sources */ = {isa = PBXBuildFile; fileRef = 7CCD194C216E4F9600D5F8FC /* PickerViewController.swift */; };
/* End PBXBuildFile section */

/* Begin PBXFileReference section */
		7CA4408E216E5A45000680C3 /* 1.jpg */ = {isa = PBXFileReference; lastKnownFileType = image.jpeg; name = 1.jpg; path = ../../doit_day_5_pickerview/doit_day_5_pickerview/images/1.jpg; sourceTree = "<group>"; };
		7CA4408F216E5A45000680C3 /* 3.jpg */ = {isa = PBXFileReference; lastKnownFileType = image.jpeg; name = 3.jpg; path = ../../doit_day_5_pickerview/doit_day_5_pickerview/images/3.jpg; sourceTree = "<group>"; };
		7CA44090216E5A45000680C3 /* 4.jpg */ = {isa = PBXFileReference; lastKnownFileType = image.jpeg; name = 4.jpg; path = ../../doit_day_5_pickerview/doit_day_5_pickerview/images/4.jpg; sourceTree = "<group>"; };
		7CA44091216E5A45000680C3 /* 2.jpg */ = {isa = PBXFileReference; lastKnownFileType = image.jpeg; name = 2.jpg; path = ../../doit_day_5_pickerview/doit_day_5_pickerview/images/2.jpg; sourceTree = "<group>"; };
		7CA44092216E5A45000680C3 /* 8.jpg */ = {isa = PBXFileReference; lastKnownFileType = image.jpeg; name = 8.jpg; path = ../../doit_day_5_pickerview/doit_day_5_pickerview/images/8.jpg; sourceTree = "<group>"; };
		7CA44093216E5A46000680C3 /* 9.jpg */ = {isa = PBXFileReference; lastKnownFileType = image.jpeg; name = 9.jpg; path = ../../doit_day_5_pickerview/doit_day_5_pickerview/images/9.jpg; sourceTree = "<group>"; };
		7CA44094216E5A46000680C3 /* 10.jpg */ = {isa = PBXFileReference; lastKnownFileType = image.jpeg; name = 10.jpg; path = ../../doit_day_5_pickerview/doit_day_5_pickerview/images/10.jpg; sourceTree = "<group>"; };
		7CA44095216E5A46000680C3 /* 5.jpg */ = {isa = PBXFileReference; lastKnownFileType = image.jpeg; name = 5.jpg; path = ../../doit_day_5_pickerview/doit_day_5_pickerview/images/5.jpg; sourceTree = "<group>"; };
		7CA44096216E5A46000680C3 /* 6.jpg */ = {isa = PBXFileReference; lastKnownFileType = image.jpeg; name = 6.jpg; path = ../../doit_day_5_pickerview/doit_day_5_pickerview/images/6.jpg; sourceTree = "<group>"; };
		7CA44097216E5A46000680C3 /* 7.jpg */ = {isa = PBXFileReference; lastKnownFileType = image.jpeg; name = 7.jpg; path = ../../doit_day_5_pickerview/doit_day_5_pickerview/images/7.jpg; sourceTree = "<group>"; };
		7CCD192B216E47EB00D5F8FC /* doit_day_10_tab.app */ = {isa = PBXFileReference; explicitFileType = wrapper.application; includeInIndex = 0; path = doit_day_10_tab.app; sourceTree = BUILT_PRODUCTS_DIR; };
		7CCD192E216E47EB00D5F8FC /* AppDelegate.swift */ = {isa = PBXFileReference; lastKnownFileType = sourcecode.swift; path = AppDelegate.swift; sourceTree = "<group>"; };
		7CCD1930216E47EB00D5F8FC /* ViewController.swift */ = {isa = PBXFileReference; lastKnownFileType = sourcecode.swift; path = ViewController.swift; sourceTree = "<group>"; };
		7CCD1933216E47EB00D5F8FC /* Base */ = {isa = PBXFileReference; lastKnownFileType = file.storyboard; name = Base; path = Base.lproj/Main.storyboard; sourceTree = "<group>"; };
		7CCD1935216E47EC00D5F8FC /* Assets.xcassets */ = {isa = PBXFileReference; lastKnownFileType = folder.assetcatalog; path = Assets.xcassets; sourceTree = "<group>"; };
		7CCD1938216E47EC00D5F8FC /* Base */ = {isa = PBXFileReference; lastKnownFileType = file.storyboard; name = Base; path = Base.lproj/LaunchScreen.storyboard; sourceTree = "<group>"; };
		7CCD193A216E47EC00D5F8FC /* Info.plist */ = {isa = PBXFileReference; lastKnownFileType = text.plist.xml; path = Info.plist; sourceTree = "<group>"; };
		7CCD1940216E48FB00D5F8FC /* lamp_on.png */ = {isa = PBXFileReference; lastKnownFileType = image.png; name = lamp_on.png; path = ../../doit_day_2_ImageView/doit_day_2_ImageView/lamp_on.png; sourceTree = "<group>"; };
		7CCD1941216E48FB00D5F8FC /* lamp_off.png */ = {isa = PBXFileReference; lastKnownFileType = image.png; name = lamp_off.png; path = ../../doit_day_2_ImageView/doit_day_2_ImageView/lamp_off.png; sourceTree = "<group>"; };
		7CCD1946216E499900D5F8FC /* ImageViewController.swift */ = {isa = PBXFileReference; fileEncoding = 4; lastKnownFileType = sourcecode.swift; path = ImageViewController.swift; sourceTree = "<group>"; };
		7CCD1948216E4A9D00D5F8FC /* DateViewController.swift */ = {isa = PBXFileReference; fileEncoding = 4; lastKnownFileType = sourcecode.swift; name = DateViewController.swift; path = ../../doit_day4_datapicker/doit_day4_datapicker/DateViewController.swift; sourceTree = "<group>"; };
		7CCD194A216E4D7E00D5F8FC /* File.png */ = {isa = PBXFileReference; lastKnownFileType = image.png; path = File.png; sourceTree = "<group>"; };
		7CCD194C216E4F9600D5F8FC /* PickerViewController.swift */ = {isa = PBXFileReference; fileEncoding = 4; lastKnownFileType = sourcecode.swift; name = PickerViewController.swift; path = ../../doit_day_5_pickerview/doit_day_5_pickerview/PickerViewController.swift; sourceTree = "<group>"; };
/* End PBXFileReference section */

/* Begin PBXFrameworksBuildPhase section */
		7CCD1928216E47EB00D5F8FC /* Frameworks */ = {
			isa = PBXFrameworksBuildPhase;
			buildActionMask = 2147483647;
			files = (
			);
			runOnlyForDeploymentPostprocessing = 0;
		};
/* End PBXFrameworksBuildPhase section */

/* Begin PBXGroup section */
		7CCD1922216E47EB00D5F8FC = {
			isa = PBXGroup;
			children = (
				7CCD192D216E47EB00D5F8FC /* doit_day_10_tab */,
				7CCD192C216E47EB00D5F8FC /* Products */,
			);
			sourceTree = "<group>";
		};
		7CCD192C216E47EB00D5F8FC /* Products */ = {
			isa = PBXGroup;
			children = (
				7CCD192B216E47EB00D5F8FC /* doit_day_10_tab.app */,
			);
			name = Products;
			sourceTree = "<group>";
		};
		7CCD192D216E47EB00D5F8FC /* doit_day_10_tab */ = {
			isa = PBXGroup;
			children = (
				7CA4408E216E5A45000680C3 /* 1.jpg */,
				7CA44091216E5A45000680C3 /* 2.jpg */,
				7CA4408F216E5A45000680C3 /* 3.jpg */,
				7CA44090216E5A45000680C3 /* 4.jpg */,
				7CA44095216E5A46000680C3 /* 5.jpg */,
				7CA44096216E5A46000680C3 /* 6.jpg */,
				7CA44097216E5A46000680C3 /* 7.jpg */,
				7CA44092216E5A45000680C3 /* 8.jpg */,
				7CA44093216E5A46000680C3 /* 9.jpg */,
				7CA44094216E5A46000680C3 /* 10.jpg */,
				7CCD194C216E4F9600D5F8FC /* PickerViewController.swift */,
				7CCD1941216E48FB00D5F8FC /* lamp_off.png */,
				7CCD194A216E4D7E00D5F8FC /* File.png */,
				7CCD1948216E4A9D00D5F8FC /* DateViewController.swift */,
				7CCD1940216E48FB00D5F8FC /* lamp_on.png */,
				7CCD1946216E499900D5F8FC /* ImageViewController.swift */,
				7CCD192E216E47EB00D5F8FC /* AppDelegate.swift */,
				7CCD1930216E47EB00D5F8FC /* ViewController.swift */,
				7CCD1932216E47EB00D5F8FC /* Main.storyboard */,
				7CCD1935216E47EC00D5F8FC /* Assets.xcassets */,
				7CCD1937216E47EC00D5F8FC /* LaunchScreen.storyboard */,
				7CCD193A216E47EC00D5F8FC /* Info.plist */,
			);
			path = doit_day_10_tab;
			sourceTree = "<group>";
		};
/* End PBXGroup section */

/* Begin PBXNativeTarget section */
		7CCD192A216E47EB00D5F8FC /* doit_day_10_tab */ = {
			isa = PBXNativeTarget;
			buildConfigurationList = 7CCD193D216E47EC00D5F8FC /* Build configuration list for PBXNativeTarget "doit_day_10_tab" */;
			buildPhases = (
				7CCD1927216E47EB00D5F8FC /* Sources */,
				7CCD1928216E47EB00D5F8FC /* Frameworks */,
				7CCD1929216E47EB00D5F8FC /* Resources */,
			);
			buildRules = (
			);
			dependencies = (
			);
			name = doit_day_10_tab;
			productName = doit_day_10_tab;
			productReference = 7CCD192B216E47EB00D5F8FC /* doit_day_10_tab.app */;
			productType = "com.apple.product-type.application";
		};
/* End PBXNativeTarget section */

/* Begin PBXProject section */
		7CCD1923216E47EB00D5F8FC /* Project object */ = {
			isa = PBXProject;
			attributes = {
				LastSwiftUpdateCheck = 1000;
				LastUpgradeCheck = 1000;
				ORGANIZATIONNAME = "Sungho Choi";
				TargetAttributes = {
					7CCD192A216E47EB00D5F8FC = {
						CreatedOnToolsVersion = 10.0;
					};
				};
			};
			buildConfigurationList = 7CCD1926216E47EB00D5F8FC /* Build configuration list for PBXProject "doit_day_10_tab" */;
			compatibilityVersion = "Xcode 9.3";
			developmentRegion = en;
			hasScannedForEncodings = 0;
			knownRegions = (
				en,
				Base,
			);
			mainGroup = 7CCD1922216E47EB00D5F8FC;
			productRefGroup = 7CCD192C216E47EB00D5F8FC /* Products */;
			projectDirPath = "";
			projectRoot = "";
			targets = (
				7CCD192A216E47EB00D5F8FC /* doit_day_10_tab */,
			);
		};
/* End PBXProject section */

/* Begin PBXResourcesBuildPhase section */
		7CCD1929216E47EB00D5F8FC /* Resources */ = {
			isa = PBXResourcesBuildPhase;
			buildActionMask = 2147483647;
			files = (
				7CA4409D216E5A46000680C3 /* 9.jpg in Resources */,
				7CA4409C216E5A46000680C3 /* 8.jpg in Resources */,
				7CA4409B216E5A46000680C3 /* 2.jpg in Resources */,
				7CA44099216E5A46000680C3 /* 3.jpg in Resources */,
				7CCD1942216E48FB00D5F8FC /* lamp_on.png in Resources */,
				7CCD1939216E47EC00D5F8FC /* LaunchScreen.storyboard in Resources */,
				7CA4409F216E5A46000680C3 /* 5.jpg in Resources */,
				7CCD1943216E48FB00D5F8FC /* lamp_off.png in Resources */,
				7CCD194B216E4D7E00D5F8FC /* File.png in Resources */,
				7CA4409E216E5A46000680C3 /* 10.jpg in Resources */,
				7CA440A1216E5A46000680C3 /* 7.jpg in Resources */,
				7CA440A0216E5A46000680C3 /* 6.jpg in Resources */,
				7CCD1936216E47EC00D5F8FC /* Assets.xcassets in Resources */,
				7CA44098216E5A46000680C3 /* 1.jpg in Resources */,
				7CA4409A216E5A46000680C3 /* 4.jpg in Resources */,
				7CCD1934216E47EB00D5F8FC /* Main.storyboard in Resources */,
			);
			runOnlyForDeploymentPostprocessing = 0;
		};
/* End PBXResourcesBuildPhase section */

/* Begin PBXSourcesBuildPhase section */
		7CCD1927216E47EB00D5F8FC /* Sources */ = {
			isa = PBXSourcesBuildPhase;
			buildActionMask = 2147483647;
			files = (
				7CCD194D216E4F9600D5F8FC /* PickerViewController.swift in Sources */,
				7CCD1949216E4A9D00D5F8FC /* DateViewController.swift in Sources */,
				7CCD1931216E47EB00D5F8FC /* ViewController.swift in Sources */,
				7CCD1947216E499900D5F8FC /* ImageViewController.swift in Sources */,
				7CCD192F216E47EB00D5F8FC /* AppDelegate.swift in Sources */,
			);
			runOnlyForDeploymentPostprocessing = 0;
		};
/* End PBXSourcesBuildPhase section */

/* Begin PBXVariantGroup section */
		7CCD1932216E47EB00D5F8FC /* Main.storyboard */ = {
			isa = PBXVariantGroup;
			children = (
				7CCD1933216E47EB00D5F8FC /* Base */,
			);
			name = Main.storyboard;
			sourceTree = "<group>";
		};
		7CCD1937216E47EC00D5F8FC /* LaunchScreen.storyboard */ = {
			isa = PBXVariantGroup;
			children = (
				7CCD1938216E47EC00D5F8FC /* Base */,
			);
			name = LaunchScreen.storyboard;
			sourceTree = "<group>";
		};
/* End PBXVariantGroup section */

/* Begin XCBuildConfiguration section */
		7CCD193B216E47EC00D5F8FC /* Debug */ = {
			isa = XCBuildConfiguration;
			buildSettings = {
				ALWAYS_SEARCH_USER_PATHS = NO;
				CLANG_ANALYZER_NONNULL = YES;
				CLANG_ANALYZER_NUMBER_OBJECT_CONVERSION = YES_AGGRESSIVE;
				CLANG_CXX_LANGUAGE_STANDARD = "gnu++14";
				CLANG_CXX_LIBRARY = "libc++";
				CLANG_ENABLE_MODULES = YES;
				CLANG_ENABLE_OBJC_ARC = YES;
				CLANG_ENABLE_OBJC_WEAK = YES;
				CLANG_WARN_BLOCK_CAPTURE_AUTORELEASING = YES;
				CLANG_WARN_BOOL_CONVERSION = YES;
				CLANG_WARN_COMMA = YES;
				CLANG_WARN_CONSTANT_CONVERSION = YES;
				CLANG_WARN_DEPRECATED_OBJC_IMPLEMENTATIONS = YES;
				CLANG_WARN_DIRECT_OBJC_ISA_USAGE = YES_ERROR;
				CLANG_WARN_DOCUMENTATION_COMMENTS = YES;
				CLANG_WARN_EMPTY_BODY = YES;
				CLANG_WARN_ENUM_CONVERSION = YES;
				CLANG_WARN_INFINITE_RECURSION = YES;
				CLANG_WARN_INT_CONVERSION = YES;
				CLANG_WARN_NON_LITERAL_NULL_CONVERSION = YES;
				CLANG_WARN_OBJC_IMPLICIT_RETAIN_SELF = YES;
				CLANG_WARN_OBJC_LITERAL_CONVERSION = YES;
				CLANG_WARN_OBJC_ROOT_CLASS = YES_ERROR;
				CLANG_WARN_RANGE_LOOP_ANALYSIS = YES;
				CLANG_WARN_STRICT_PROTOTYPES = YES;
				CLANG_WARN_SUSPICIOUS_MOVE = YES;
				CLANG_WARN_UNGUARDED_AVAILABILITY = YES_AGGRESSIVE;
				CLANG_WARN_UNREACHABLE_CODE = YES;
				CLANG_WARN__DUPLICATE_METHOD_MATCH = YES;
				CODE_SIGN_IDENTITY = "iPhone Developer";
				COPY_PHASE_STRIP = NO;
				DEBUG_INFORMATION_FORMAT = dwarf;
				ENABLE_STRICT_OBJC_MSGSEND = YES;
				ENABLE_TESTABILITY = YES;
				GCC_C_LANGUAGE_STANDARD = gnu11;
				GCC_DYNAMIC_NO_PIC = NO;
				GCC_NO_COMMON_BLOCKS = YES;
				GCC_OPTIMIZATION_LEVEL = 0;
				GCC_PREPROCESSOR_DEFINITIONS = (
					"DEBUG=1",
					"$(inherited)",
				);
				GCC_WARN_64_TO_32_BIT_CONVERSION = YES;
				GCC_WARN_ABOUT_RETURN_TYPE = YES_ERROR;
				GCC_WARN_UNDECLARED_SELECTOR = YES;
				GCC_WARN_UNINITIALIZED_AUTOS = YES_AGGRESSIVE;
				GCC_WARN_UNUSED_FUNCTION = YES;
				GCC_WARN_UNUSED_VARIABLE = YES;
				IPHONEOS_DEPLOYMENT_TARGET = 12.0;
				MTL_ENABLE_DEBUG_INFO = INCLUDE_SOURCE;
				MTL_FAST_MATH = YES;
				ONLY_ACTIVE_ARCH = YES;
				SDKROOT = iphoneos;
				SWIFT_ACTIVE_COMPILATION_CONDITIONS = DEBUG;
				SWIFT_OPTIMIZATION_LEVEL = "-Onone";
			};
			name = Debug;
		};
		7CCD193C216E47EC00D5F8FC /* Release */ = {
			isa = XCBuildConfiguration;
			buildSettings = {
				ALWAYS_SEARCH_USER_PATHS = NO;
				CLANG_ANALYZER_NONNULL = YES;
				CLANG_ANALYZER_NUMBER_OBJECT_CONVERSION = YES_AGGRESSIVE;
				CLANG_CXX_LANGUAGE_STANDARD = "gnu++14";
				CLANG_CXX_LIBRARY = "libc++";
				CLANG_ENABLE_MODULES = YES;
				CLANG_ENABLE_OBJC_ARC = YES;
				CLANG_ENABLE_OBJC_WEAK = YES;
				CLANG_WARN_BLOCK_CAPTURE_AUTORELEASING = YES;
				CLANG_WARN_BOOL_CONVERSION = YES;
				CLANG_WARN_COMMA = YES;
				CLANG_WARN_CONSTANT_CONVERSION = YES;
				CLANG_WARN_DEPRECATED_OBJC_IMPLEMENTATIONS = YES;
				CLANG_WARN_DIRECT_OBJC_ISA_USAGE = YES_ERROR;
				CLANG_WARN_DOCUMENTATION_COMMENTS = YES;
				CLANG_WARN_EMPTY_BODY = YES;
				CLANG_WARN_ENUM_CONVERSION = YES;
				CLANG_WARN_INFINITE_RECURSION = YES;
				CLANG_WARN_INT_CONVERSION = YES;
				CLANG_WARN_NON_LITERAL_NULL_CONVERSION = YES;
				CLANG_WARN_OBJC_IMPLICIT_RETAIN_SELF = YES;
				CLANG_WARN_OBJC_LITERAL_CONVERSION = YES;
				CLANG_WARN_OBJC_ROOT_CLASS = YES_ERROR;
				CLANG_WARN_RANGE_LOOP_ANALYSIS = YES;
				CLANG_WARN_STRICT_PROTOTYPES = YES;
				CLANG_WARN_SUSPICIOUS_MOVE = YES;
				CLANG_WARN_UNGUARDED_AVAILABILITY = YES_AGGRESSIVE;
				CLANG_WARN_UNREACHABLE_CODE = YES;
				CLANG_WARN__DUPLICATE_METHOD_MATCH = YES;
				CODE_SIGN_IDENTITY = "iPhone Developer";
				COPY_PHASE_STRIP = NO;
				DEBUG_INFORMATION_FORMAT = "dwarf-with-dsym";
				ENABLE_NS_ASSERTIONS = NO;
				ENABLE_STRICT_OBJC_MSGSEND = YES;
				GCC_C_LANGUAGE_STANDARD = gnu11;
				GCC_NO_COMMON_BLOCKS = YES;
				GCC_WARN_64_TO_32_BIT_CONVERSION = YES;
				GCC_WARN_ABOUT_RETURN_TYPE = YES_ERROR;
				GCC_WARN_UNDECLARED_SELECTOR = YES;
				GCC_WARN_UNINITIALIZED_AUTOS = YES_AGGRESSIVE;
				GCC_WARN_UNUSED_FUNCTION = YES;
				GCC_WARN_UNUSED_VARIABLE = YES;
				IPHONEOS_DEPLOYMENT_TARGET = 12.0;
				MTL_ENABLE_DEBUG_INFO = NO;
				MTL_FAST_MATH = YES;
				SDKROOT = iphoneos;
				SWIFT_COMPILATION_MODE = wholemodule;
				SWIFT_OPTIMIZATION_LEVEL = "-O";
				VALIDATE_PRODUCT = YES;
			};
			name = Release;
		};
		7CCD193E216E47EC00D5F8FC /* Debug */ = {
			isa = XCBuildConfiguration;
			buildSettings = {
				ASSETCATALOG_COMPILER_APPICON_NAME = AppIcon;
				CODE_SIGN_STYLE = Automatic;
				DEVELOPMENT_TEAM = NWGLKBZ5BG;
				INFOPLIST_FILE = doit_day_10_tab/Info.plist;
				LD_RUNPATH_SEARCH_PATHS = (
					"$(inherited)",
					"@executable_path/Frameworks",
				);
				PRODUCT_BUNDLE_IDENTIFIER = "test.doit-day-10-tab";
				PRODUCT_NAME = "$(TARGET_NAME)";
				SWIFT_VERSION = 4.2;
				TARGETED_DEVICE_FAMILY = "1,2";
			};
			name = Debug;
		};
		7CCD193F216E47EC00D5F8FC /* Release */ = {
			isa = XCBuildConfiguration;
			buildSettings = {
				ASSETCATALOG_COMPILER_APPICON_NAME = AppIcon;
				CODE_SIGN_STYLE = Automatic;
				DEVELOPMENT_TEAM = NWGLKBZ5BG;
				INFOPLIST_FILE = doit_day_10_tab/Info.plist;
				LD_RUNPATH_SEARCH_PATHS = (
					"$(inherited)",
					"@executable_path/Frameworks",
				);
				PRODUCT_BUNDLE_IDENTIFIER = "test.doit-day-10-tab";
				PRODUCT_NAME = "$(TARGET_NAME)";
				SWIFT_VERSION = 4.2;
				TARGETED_DEVICE_FAMILY = "1,2";
			};
			name = Release;
		};
/* End XCBuildConfiguration section */

/* Begin XCConfigurationList section */
		7CCD1926216E47EB00D5F8FC /* Build configuration list for PBXProject "doit_day_10_tab" */ = {
			isa = XCConfigurationList;
			buildConfigurations = (
				7CCD193B216E47EC00D5F8FC /* Debug */,
				7CCD193C216E47EC00D5F8FC /* Release */,
			);
			defaultConfigurationIsVisible = 0;
			defaultConfigurationName = Release;
		};
		7CCD193D216E47EC00D5F8FC /* Build configuration list for PBXNativeTarget "doit_day_10_tab" */ = {
			isa = XCConfigurationList;
			buildConfigurations = (
				7CCD193E216E47EC00D5F8FC /* Debug */,
				7CCD193F216E47EC00D5F8FC /* Release */,
			);
			defaultConfigurationIsVisible = 0;
			defaultConfigurationName = Release;
		};
/* End XCConfigurationList section */
	};
	rootObject = 7CCD1923216E47EB00D5F8FC /* Project object */;
}
