// !$*UTF8*$!
{
	archiveVersion = 1;
	classes = {
	};
	objectVersion = 50;
	objects = {

/* Begin PBXBuildFile section */
		7CF836E0215F57C200BE8EB7 /* AppDelegate.swift in Sources */ = {isa = PBXBuildFile; fileRef = 7CF836DF215F57C200BE8EB7 /* AppDelegate.swift */; };
		7CF836E2215F57C200BE8EB7 /* ViewController.swift in Sources */ = {isa = PBXBuildFile; fileRef = 7CF836E1215F57C200BE8EB7 /* ViewController.swift */; };
		7CF836E5215F57C200BE8EB7 /* Main.storyboard in Resources */ = {isa = PBXBuildFile; fileRef = 7CF836E3215F57C200BE8EB7 /* Main.storyboard */; };
		7CF836E7215F57C300BE8EB7 /* Assets.xcassets in Resources */ = {isa = PBXBuildFile; fileRef = 7CF836E6215F57C300BE8EB7 /* Assets.xcassets */; };
		7CF836EA215F57C300BE8EB7 /* LaunchScreen.storyboard in Resources */ = {isa = PBXBuildFile; fileRef = 7CF836E8215F57C300BE8EB7 /* LaunchScreen.storyboard */; };
		7CF836FC215F586F00BE8EB7 /* 3.jpg in Resources */ = {isa = PBXBuildFile; fileRef = 7CF836F2215F586F00BE8EB7 /* 3.jpg */; };
		7CF836FD215F586F00BE8EB7 /* 5.jpg in Resources */ = {isa = PBXBuildFile; fileRef = 7CF836F3215F586F00BE8EB7 /* 5.jpg */; };
		7CF836FE215F586F00BE8EB7 /* 6.jpg in Resources */ = {isa = PBXBuildFile; fileRef = 7CF836F4215F586F00BE8EB7 /* 6.jpg */; };
		7CF836FF215F586F00BE8EB7 /* 10.jpg in Resources */ = {isa = PBXBuildFile; fileRef = 7CF836F5215F586F00BE8EB7 /* 10.jpg */; };
		7CF83700215F586F00BE8EB7 /* 8.jpg in Resources */ = {isa = PBXBuildFile; fileRef = 7CF836F6215F586F00BE8EB7 /* 8.jpg */; };
		7CF83701215F586F00BE8EB7 /* 7.jpg in Resources */ = {isa = PBXBuildFile; fileRef = 7CF836F7215F586F00BE8EB7 /* 7.jpg */; };
		7CF83702215F586F00BE8EB7 /* 4.jpg in Resources */ = {isa = PBXBuildFile; fileRef = 7CF836F8215F586F00BE8EB7 /* 4.jpg */; };
		7CF83703215F586F00BE8EB7 /* 1.jpg in Resources */ = {isa = PBXBuildFile; fileRef = 7CF836F9215F586F00BE8EB7 /* 1.jpg */; };
		7CF83704215F586F00BE8EB7 /* 2.jpg in Resources */ = {isa = PBXBuildFile; fileRef = 7CF836FA215F586F00BE8EB7 /* 2.jpg */; };
		7CF83705215F586F00BE8EB7 /* 9.jpg in Resources */ = {isa = PBXBuildFile; fileRef = 7CF836FB215F586F00BE8EB7 /* 9.jpg */; };
/* End PBXBuildFile section */

/* Begin PBXFileReference section */
		7CF836DC215F57C200BE8EB7 /* doit_day_5_pickerview.app */ = {isa = PBXFileReference; explicitFileType = wrapper.application; includeInIndex = 0; path = doit_day_5_pickerview.app; sourceTree = BUILT_PRODUCTS_DIR; };
		7CF836DF215F57C200BE8EB7 /* AppDelegate.swift */ = {isa = PBXFileReference; lastKnownFileType = sourcecode.swift; path = AppDelegate.swift; sourceTree = "<group>"; };
		7CF836E1215F57C200BE8EB7 /* ViewController.swift */ = {isa = PBXFileReference; lastKnownFileType = sourcecode.swift; path = ViewController.swift; sourceTree = "<group>"; };
		7CF836E4215F57C200BE8EB7 /* Base */ = {isa = PBXFileReference; lastKnownFileType = file.storyboard; name = Base; path = Base.lproj/Main.storyboard; sourceTree = "<group>"; };
		7CF836E6215F57C300BE8EB7 /* Assets.xcassets */ = {isa = PBXFileReference; lastKnownFileType = folder.assetcatalog; path = Assets.xcassets; sourceTree = "<group>"; };
		7CF836E9215F57C300BE8EB7 /* Base */ = {isa = PBXFileReference; lastKnownFileType = file.storyboard; name = Base; path = Base.lproj/LaunchScreen.storyboard; sourceTree = "<group>"; };
		7CF836EB215F57C300BE8EB7 /* Info.plist */ = {isa = PBXFileReference; lastKnownFileType = text.plist.xml; path = Info.plist; sourceTree = "<group>"; };
		7CF836F2215F586F00BE8EB7 /* 3.jpg */ = {isa = PBXFileReference; lastKnownFileType = image.jpeg; path = 3.jpg; sourceTree = "<group>"; };
		7CF836F3215F586F00BE8EB7 /* 5.jpg */ = {isa = PBXFileReference; lastKnownFileType = image.jpeg; path = 5.jpg; sourceTree = "<group>"; };
		7CF836F4215F586F00BE8EB7 /* 6.jpg */ = {isa = PBXFileReference; lastKnownFileType = image.jpeg; path = 6.jpg; sourceTree = "<group>"; };
		7CF836F5215F586F00BE8EB7 /* 10.jpg */ = {isa = PBXFileReference; lastKnownFileType = image.jpeg; path = 10.jpg; sourceTree = "<group>"; };
		7CF836F6215F586F00BE8EB7 /* 8.jpg */ = {isa = PBXFileReference; lastKnownFileType = image.jpeg; path = 8.jpg; sourceTree = "<group>"; };
		7CF836F7215F586F00BE8EB7 /* 7.jpg */ = {isa = PBXFileReference; lastKnownFileType = image.jpeg; path = 7.jpg; sourceTree = "<group>"; };
		7CF836F8215F586F00BE8EB7 /* 4.jpg */ = {isa = PBXFileReference; lastKnownFileType = image.jpeg; path = 4.jpg; sourceTree = "<group>"; };
		7CF836F9215F586F00BE8EB7 /* 1.jpg */ = {isa = PBXFileReference; lastKnownFileType = image.jpeg; path = 1.jpg; sourceTree = "<group>"; };
		7CF836FA215F586F00BE8EB7 /* 2.jpg */ = {isa = PBXFileReference; lastKnownFileType = image.jpeg; path = 2.jpg; sourceTree = "<group>"; };
		7CF836FB215F586F00BE8EB7 /* 9.jpg */ = {isa = PBXFileReference; lastKnownFileType = image.jpeg; path = 9.jpg; sourceTree = "<group>"; };
/* End PBXFileReference section */

/* Begin PBXFrameworksBuildPhase section */
		7CF836D9215F57C200BE8EB7 /* Frameworks */ = {
			isa = PBXFrameworksBuildPhase;
			buildActionMask = 2147483647;
			files = (
			);
			runOnlyForDeploymentPostprocessing = 0;
		};
/* End PBXFrameworksBuildPhase section */

/* Begin PBXGroup section */
		7CF836D3215F57C200BE8EB7 = {
			isa = PBXGroup;
			children = (
				7CF836DE215F57C200BE8EB7 /* doit_day_5_pickerview */,
				7CF836DD215F57C200BE8EB7 /* Products */,
			);
			sourceTree = "<group>";
		};
		7CF836DD215F57C200BE8EB7 /* Products */ = {
			isa = PBXGroup;
			children = (
				7CF836DC215F57C200BE8EB7 /* doit_day_5_pickerview.app */,
			);
			name = Products;
			sourceTree = "<group>";
		};
		7CF836DE215F57C200BE8EB7 /* doit_day_5_pickerview */ = {
			isa = PBXGroup;
			children = (
				7CF836F1215F581200BE8EB7 /* images */,
				7CF836DF215F57C200BE8EB7 /* AppDelegate.swift */,
				7CF836E1215F57C200BE8EB7 /* ViewController.swift */,
				7CF836E3215F57C200BE8EB7 /* Main.storyboard */,
				7CF836E6215F57C300BE8EB7 /* Assets.xcassets */,
				7CF836E8215F57C300BE8EB7 /* LaunchScreen.storyboard */,
				7CF836EB215F57C300BE8EB7 /* Info.plist */,
			);
			path = doit_day_5_pickerview;
			sourceTree = "<group>";
		};
		7CF836F1215F581200BE8EB7 /* images */ = {
			isa = PBXGroup;
			children = (
				7CF836F9215F586F00BE8EB7 /* 1.jpg */,
				7CF836FA215F586F00BE8EB7 /* 2.jpg */,
				7CF836F2215F586F00BE8EB7 /* 3.jpg */,
				7CF836F8215F586F00BE8EB7 /* 4.jpg */,
				7CF836F3215F586F00BE8EB7 /* 5.jpg */,
				7CF836F4215F586F00BE8EB7 /* 6.jpg */,
				7CF836F7215F586F00BE8EB7 /* 7.jpg */,
				7CF836F6215F586F00BE8EB7 /* 8.jpg */,
				7CF836FB215F586F00BE8EB7 /* 9.jpg */,
				7CF836F5215F586F00BE8EB7 /* 10.jpg */,
			);
			path = images;
			sourceTree = "<group>";
		};
/* End PBXGroup section */

/* Begin PBXNativeTarget section */
		7CF836DB215F57C200BE8EB7 /* doit_day_5_pickerview */ = {
			isa = PBXNativeTarget;
			buildConfigurationList = 7CF836EE215F57C300BE8EB7 /* Build configuration list for PBXNativeTarget "doit_day_5_pickerview" */;
			buildPhases = (
				7CF836D8215F57C200BE8EB7 /* Sources */,
				7CF836D9215F57C200BE8EB7 /* Frameworks */,
				7CF836DA215F57C200BE8EB7 /* Resources */,
			);
			buildRules = (
			);
			dependencies = (
			);
			name = doit_day_5_pickerview;
			productName = doit_day_5_pickerview;
			productReference = 7CF836DC215F57C200BE8EB7 /* doit_day_5_pickerview.app */;
			productType = "com.apple.product-type.application";
		};
/* End PBXNativeTarget section */

/* Begin PBXProject section */
		7CF836D4215F57C200BE8EB7 /* Project object */ = {
			isa = PBXProject;
			attributes = {
				LastSwiftUpdateCheck = 1000;
				LastUpgradeCheck = 1000;
				ORGANIZATIONNAME = "Sungho Choi";
				TargetAttributes = {
					7CF836DB215F57C200BE8EB7 = {
						CreatedOnToolsVersion = 10.0;
					};
				};
			};
			buildConfigurationList = 7CF836D7215F57C200BE8EB7 /* Build configuration list for PBXProject "doit_day_5_pickerview" */;
			compatibilityVersion = "Xcode 9.3";
			developmentRegion = en;
			hasScannedForEncodings = 0;
			knownRegions = (
				en,
				Base,
			);
			mainGroup = 7CF836D3215F57C200BE8EB7;
			productRefGroup = 7CF836DD215F57C200BE8EB7 /* Products */;
			projectDirPath = "";
			projectRoot = "";
			targets = (
				7CF836DB215F57C200BE8EB7 /* doit_day_5_pickerview */,
			);
		};
/* End PBXProject section */

/* Begin PBXResourcesBuildPhase section */
		7CF836DA215F57C200BE8EB7 /* Resources */ = {
			isa = PBXResourcesBuildPhase;
			buildActionMask = 2147483647;
			files = (
				7CF83705215F586F00BE8EB7 /* 9.jpg in Resources */,
				7CF83703215F586F00BE8EB7 /* 1.jpg in Resources */,
				7CF836FE215F586F00BE8EB7 /* 6.jpg in Resources */,
				7CF836FF215F586F00BE8EB7 /* 10.jpg in Resources */,
				7CF836EA215F57C300BE8EB7 /* LaunchScreen.storyboard in Resources */,
				7CF836FD215F586F00BE8EB7 /* 5.jpg in Resources */,
				7CF83700215F586F00BE8EB7 /* 8.jpg in Resources */,
				7CF83704215F586F00BE8EB7 /* 2.jpg in Resources */,
				7CF836E7215F57C300BE8EB7 /* Assets.xcassets in Resources */,
				7CF83701215F586F00BE8EB7 /* 7.jpg in Resources */,
				7CF836E5215F57C200BE8EB7 /* Main.storyboard in Resources */,
				7CF83702215F586F00BE8EB7 /* 4.jpg in Resources */,
				7CF836FC215F586F00BE8EB7 /* 3.jpg in Resources */,
			);
			runOnlyForDeploymentPostprocessing = 0;
		};
/* End PBXResourcesBuildPhase section */

/* Begin PBXSourcesBuildPhase section */
		7CF836D8215F57C200BE8EB7 /* Sources */ = {
			isa = PBXSourcesBuildPhase;
			buildActionMask = 2147483647;
			files = (
				7CF836E2215F57C200BE8EB7 /* ViewController.swift in Sources */,
				7CF836E0215F57C200BE8EB7 /* AppDelegate.swift in Sources */,
			);
			runOnlyForDeploymentPostprocessing = 0;
		};
/* End PBXSourcesBuildPhase section */

/* Begin PBXVariantGroup section */
		7CF836E3215F57C200BE8EB7 /* Main.storyboard */ = {
			isa = PBXVariantGroup;
			children = (
				7CF836E4215F57C200BE8EB7 /* Base */,
			);
			name = Main.storyboard;
			sourceTree = "<group>";
		};
		7CF836E8215F57C300BE8EB7 /* LaunchScreen.storyboard */ = {
			isa = PBXVariantGroup;
			children = (
				7CF836E9215F57C300BE8EB7 /* Base */,
			);
			name = LaunchScreen.storyboard;
			sourceTree = "<group>";
		};
/* End PBXVariantGroup section */

/* Begin XCBuildConfiguration section */
		7CF836EC215F57C300BE8EB7 /* Debug */ = {
			isa = XCBuildConfiguration;
			buildSettings = {
				ALWAYS_SEARCH_USER_PATHS = NO;
				CLANG_ANALYZER_NONNULL = YES;
				CLANG_ANALYZER_NUMBER_OBJECT_CONVERSION = YES_AGGRESSIVE;
				CLANG_CXX_LANGUAGE_STANDARD = "gnu++14";
				CLANG_CXX_LIBRARY = "libc++";
				CLANG_ENABLE_MODULES = YES;
				CLANG_ENABLE_OBJC_ARC = YES;
				CLANG_ENABLE_OBJC_WEAK = YES;
				CLANG_WARN_BLOCK_CAPTURE_AUTORELEASING = YES;
				CLANG_WARN_BOOL_CONVERSION = YES;
				CLANG_WARN_COMMA = YES;
				CLANG_WARN_CONSTANT_CONVERSION = YES;
				CLANG_WARN_DEPRECATED_OBJC_IMPLEMENTATIONS = YES;
				CLANG_WARN_DIRECT_OBJC_ISA_USAGE = YES_ERROR;
				CLANG_WARN_DOCUMENTATION_COMMENTS = YES;
				CLANG_WARN_EMPTY_BODY = YES;
				CLANG_WARN_ENUM_CONVERSION = YES;
				CLANG_WARN_INFINITE_RECURSION = YES;
				CLANG_WARN_INT_CONVERSION = YES;
				CLANG_WARN_NON_LITERAL_NULL_CONVERSION = YES;
				CLANG_WARN_OBJC_IMPLICIT_RETAIN_SELF = YES;
				CLANG_WARN_OBJC_LITERAL_CONVERSION = YES;
				CLANG_WARN_OBJC_ROOT_CLASS = YES_ERROR;
				CLANG_WARN_RANGE_LOOP_ANALYSIS = YES;
				CLANG_WARN_STRICT_PROTOTYPES = YES;
				CLANG_WARN_SUSPICIOUS_MOVE = YES;
				CLANG_WARN_UNGUARDED_AVAILABILITY = YES_AGGRESSIVE;
				CLANG_WARN_UNREACHABLE_CODE = YES;
				CLANG_WARN__DUPLICATE_METHOD_MATCH = YES;
				CODE_SIGN_IDENTITY = "iPhone Developer";
				COPY_PHASE_STRIP = NO;
				DEBUG_INFORMATION_FORMAT = dwarf;
				ENABLE_STRICT_OBJC_MSGSEND = YES;
				ENABLE_TESTABILITY = YES;
				GCC_C_LANGUAGE_STANDARD = gnu11;
				GCC_DYNAMIC_NO_PIC = NO;
				GCC_NO_COMMON_BLOCKS = YES;
				GCC_OPTIMIZATION_LEVEL = 0;
				GCC_PREPROCESSOR_DEFINITIONS = (
					"DEBUG=1",
					"$(inherited)",
				);
				GCC_WARN_64_TO_32_BIT_CONVERSION = YES;
				GCC_WARN_ABOUT_RETURN_TYPE = YES_ERROR;
				GCC_WARN_UNDECLARED_SELECTOR = YES;
				GCC_WARN_UNINITIALIZED_AUTOS = YES_AGGRESSIVE;
				GCC_WARN_UNUSED_FUNCTION = YES;
				GCC_WARN_UNUSED_VARIABLE = YES;
				IPHONEOS_DEPLOYMENT_TARGET = 12.0;
				MTL_ENABLE_DEBUG_INFO = INCLUDE_SOURCE;
				MTL_FAST_MATH = YES;
				ONLY_ACTIVE_ARCH = YES;
				SDKROOT = iphoneos;
				SWIFT_ACTIVE_COMPILATION_CONDITIONS = DEBUG;
				SWIFT_OPTIMIZATION_LEVEL = "-Onone";
			};
			name = Debug;
		};
		7CF836ED215F57C300BE8EB7 /* Release */ = {
			isa = XCBuildConfiguration;
			buildSettings = {
				ALWAYS_SEARCH_USER_PATHS = NO;
				CLANG_ANALYZER_NONNULL = YES;
				CLANG_ANALYZER_NUMBER_OBJECT_CONVERSION = YES_AGGRESSIVE;
				CLANG_CXX_LANGUAGE_STANDARD = "gnu++14";
				CLANG_CXX_LIBRARY = "libc++";
				CLANG_ENABLE_MODULES = YES;
				CLANG_ENABLE_OBJC_ARC = YES;
				CLANG_ENABLE_OBJC_WEAK = YES;
				CLANG_WARN_BLOCK_CAPTURE_AUTORELEASING = YES;
				CLANG_WARN_BOOL_CONVERSION = YES;
				CLANG_WARN_COMMA = YES;
				CLANG_WARN_CONSTANT_CONVERSION = YES;
				CLANG_WARN_DEPRECATED_OBJC_IMPLEMENTATIONS = YES;
				CLANG_WARN_DIRECT_OBJC_ISA_USAGE = YES_ERROR;
				CLANG_WARN_DOCUMENTATION_COMMENTS = YES;
				CLANG_WARN_EMPTY_BODY = YES;
				CLANG_WARN_ENUM_CONVERSION = YES;
				CLANG_WARN_INFINITE_RECURSION = YES;
				CLANG_WARN_INT_CONVERSION = YES;
				CLANG_WARN_NON_LITERAL_NULL_CONVERSION = YES;
				CLANG_WARN_OBJC_IMPLICIT_RETAIN_SELF = YES;
				CLANG_WARN_OBJC_LITERAL_CONVERSION = YES;
				CLANG_WARN_OBJC_ROOT_CLASS = YES_ERROR;
				CLANG_WARN_RANGE_LOOP_ANALYSIS = YES;
				CLANG_WARN_STRICT_PROTOTYPES = YES;
				CLANG_WARN_SUSPICIOUS_MOVE = YES;
				CLANG_WARN_UNGUARDED_AVAILABILITY = YES_AGGRESSIVE;
				CLANG_WARN_UNREACHABLE_CODE = YES;
				CLANG_WARN__DUPLICATE_METHOD_MATCH = YES;
				CODE_SIGN_IDENTITY = "iPhone Developer";
				COPY_PHASE_STRIP = NO;
				DEBUG_INFORMATION_FORMAT = "dwarf-with-dsym";
				ENABLE_NS_ASSERTIONS = NO;
				ENABLE_STRICT_OBJC_MSGSEND = YES;
				GCC_C_LANGUAGE_STANDARD = gnu11;
				GCC_NO_COMMON_BLOCKS = YES;
				GCC_WARN_64_TO_32_BIT_CONVERSION = YES;
				GCC_WARN_ABOUT_RETURN_TYPE = YES_ERROR;
				GCC_WARN_UNDECLARED_SELECTOR = YES;
				GCC_WARN_UNINITIALIZED_AUTOS = YES_AGGRESSIVE;
				GCC_WARN_UNUSED_FUNCTION = YES;
				GCC_WARN_UNUSED_VARIABLE = YES;
				IPHONEOS_DEPLOYMENT_TARGET = 12.0;
				MTL_ENABLE_DEBUG_INFO = NO;
				MTL_FAST_MATH = YES;
				SDKROOT = iphoneos;
				SWIFT_COMPILATION_MODE = wholemodule;
				SWIFT_OPTIMIZATION_LEVEL = "-O";
				VALIDATE_PRODUCT = YES;
			};
			name = Release;
		};
		7CF836EF215F57C300BE8EB7 /* Debug */ = {
			isa = XCBuildConfiguration;
			buildSettings = {
				ASSETCATALOG_COMPILER_APPICON_NAME = AppIcon;
				CODE_SIGN_STYLE = Automatic;
				INFOPLIST_FILE = doit_day_5_pickerview/Info.plist;
				LD_RUNPATH_SEARCH_PATHS = (
					"$(inherited)",
					"@executable_path/Frameworks",
				);
				PRODUCT_BUNDLE_IDENTIFIER = "test.doit-day-5-pickerview";
				PRODUCT_NAME = "$(TARGET_NAME)";
				SWIFT_VERSION = 4.2;
				TARGETED_DEVICE_FAMILY = "1,2";
			};
			name = Debug;
		};
		7CF836F0215F57C300BE8EB7 /* Release */ = {
			isa = XCBuildConfiguration;
			buildSettings = {
				ASSETCATALOG_COMPILER_APPICON_NAME = AppIcon;
				CODE_SIGN_STYLE = Automatic;
				INFOPLIST_FILE = doit_day_5_pickerview/Info.plist;
				LD_RUNPATH_SEARCH_PATHS = (
					"$(inherited)",
					"@executable_path/Frameworks",
				);
				PRODUCT_BUNDLE_IDENTIFIER = "test.doit-day-5-pickerview";
				PRODUCT_NAME = "$(TARGET_NAME)";
				SWIFT_VERSION = 4.2;
				TARGETED_DEVICE_FAMILY = "1,2";
			};
			name = Release;
		};
/* End XCBuildConfiguration section */

/* Begin XCConfigurationList section */
		7CF836D7215F57C200BE8EB7 /* Build configuration list for PBXProject "doit_day_5_pickerview" */ = {
			isa = XCConfigurationList;
			buildConfigurations = (
				7CF836EC215F57C300BE8EB7 /* Debug */,
				7CF836ED215F57C300BE8EB7 /* Release */,
			);
			defaultConfigurationIsVisible = 0;
			defaultConfigurationName = Release;
		};
		7CF836EE215F57C300BE8EB7 /* Build configuration list for PBXNativeTarget "doit_day_5_pickerview" */ = {
			isa = XCConfigurationList;
			buildConfigurations = (
				7CF836EF215F57C300BE8EB7 /* Debug */,
				7CF836F0215F57C300BE8EB7 /* Release */,
			);
			defaultConfigurationIsVisible = 0;
			defaultConfigurationName = Release;
		};
/* End XCConfigurationList section */
	};
	rootObject = 7CF836D4215F57C200BE8EB7 /* Project object */;
}
